{
  "name": "node-app",
  "version": "1.0.0",
  "lockfileVersion": 1,
  "dependencies": {
    "express": {
      "version": "4.17.1",
      "resolved": "https://registry.npmjs.org/express/-/express-4.17.1.tgz",
      "integrity": "sha512-pz/x7gFY3nP5xdg6opO0klCwVfvPdwibZoCG0Fw5O8uT0H3TO0y7Myh5Xp9RHl1gkTbpt2hN6S+/Sb6Gyt4uEw=="
    }
  }
}
